
Microsoft Visual Studio Solution File, Format Version 12.00
# Visual Studio Version 17
VisualStudioVersion = 17.0.31903.59
MinimumVisualStudioVersion = 10.0.40219.1
Project("{FAE04EC0-301F-11D3-BF4B-00C04F79EFBC}") = "Yosina", "src\Yosina\Yosina.csproj", "{7BE9DC8E-810D-4475-AA9C-6456A860CBFE}"
EndProject
Project("{FAE04EC0-301F-11D3-BF4B-00C04F79EFBC}") = "Yosina.Tests", "test\Yosina.Tests\Yosina.Tests.csproj", "{55905DAF-C4A4-4173-90F4-FBF7BEA1407A}"
EndProject
Project("{FAE04EC0-301F-11D3-BF4B-00C04F79EFBC}") = "Yosina.Codegen", "src\Yosina.Codegen\Yosina.Codegen.csproj", "{B71D0299-4B2A-4DD2-9917-915472093214}"
EndProject
Global
	GlobalSection(SolutionConfigurationPlatforms) = preSolution
		Debug|Any CPU = Debug|Any CPU
		Debug|x64 = Debug|x64
		Debug|x86 = Debug|x86
		Release|Any CPU = Release|Any CPU
		Release|x64 = Release|x64
		Release|x86 = Release|x86
	EndGlobalSection
	GlobalSection(ProjectConfigurationPlatforms) = postSolution
		{7BE9DC8E-810D-4475-AA9C-6456A860CBFE}.Debug|Any CPU.ActiveCfg = Debug|Any CPU
		{7BE9DC8E-810D-4475-AA9C-6456A860CBFE}.Debug|Any CPU.Build.0 = Debug|Any CPU
		{7BE9DC8E-810D-4475-AA9C-6456A860CBFE}.Debug|x64.ActiveCfg = Debug|Any CPU
		{7BE9DC8E-810D-4475-AA9C-6456A860CBFE}.Debug|x64.Build.0 = Debug|Any CPU
		{7BE9DC8E-810D-4475-AA9C-6456A860CBFE}.Debug|x86.ActiveCfg = Debug|Any CPU
		{7BE9DC8E-810D-4475-AA9C-6456A860CBFE}.Debug|x86.Build.0 = Debug|Any CPU
		{7BE9DC8E-810D-4475-AA9C-6456A860CBFE}.Release|Any CPU.ActiveCfg = Release|Any CPU
		{7BE9DC8E-810D-4475-AA9C-6456A860CBFE}.Release|Any CPU.Build.0 = Release|Any CPU
		{7BE9DC8E-810D-4475-AA9C-6456A860CBFE}.Release|x64.ActiveCfg = Release|Any CPU
		{7BE9DC8E-810D-4475-AA9C-6456A860CBFE}.Release|x64.Build.0 = Release|Any CPU
		{7BE9DC8E-810D-4475-AA9C-6456A860CBFE}.Release|x86.ActiveCfg = Release|Any CPU
		{7BE9DC8E-810D-4475-AA9C-6456A860CBFE}.Release|x86.Build.0 = Release|Any CPU
		{55905DAF-C4A4-4173-90F4-FBF7BEA1407A}.Debug|Any CPU.ActiveCfg = Debug|Any CPU
		{55905DAF-C4A4-4173-90F4-FBF7BEA1407A}.Debug|Any CPU.Build.0 = Debug|Any CPU
		{55905DAF-C4A4-4173-90F4-FBF7BEA1407A}.Debug|x64.ActiveCfg = Debug|Any CPU
		{55905DAF-C4A4-4173-90F4-FBF7BEA1407A}.Debug|x64.Build.0 = Debug|Any CPU
		{55905DAF-C4A4-4173-90F4-FBF7BEA1407A}.Debug|x86.ActiveCfg = Debug|Any CPU
		{55905DAF-C4A4-4173-90F4-FBF7BEA1407A}.Debug|x86.Build.0 = Debug|Any CPU
		{55905DAF-C4A4-4173-90F4-FBF7BEA1407A}.Release|Any CPU.ActiveCfg = Release|Any CPU
		{55905DAF-C4A4-4173-90F4-FBF7BEA1407A}.Release|Any CPU.Build.0 = Release|Any CPU
		{55905DAF-C4A4-4173-90F4-FBF7BEA1407A}.Release|x64.ActiveCfg = Release|Any CPU
		{55905DAF-C4A4-4173-90F4-FBF7BEA1407A}.Release|x64.Build.0 = Release|Any CPU
		{55905DAF-C4A4-4173-90F4-FBF7BEA1407A}.Release|x86.ActiveCfg = Release|Any CPU
		{55905DAF-C4A4-4173-90F4-FBF7BEA1407A}.Release|x86.Build.0 = Release|Any CPU
		{B71D0299-4B2A-4DD2-9917-915472093214}.Debug|Any CPU.ActiveCfg = Debug|Any CPU
		{B71D0299-4B2A-4DD2-9917-915472093214}.Debug|Any CPU.Build.0 = Debug|Any CPU
		{B71D0299-4B2A-4DD2-9917-915472093214}.Debug|x64.ActiveCfg = Debug|Any CPU
		{B71D0299-4B2A-4DD2-9917-915472093214}.Debug|x64.Build.0 = Debug|Any CPU
		{B71D0299-4B2A-4DD2-9917-915472093214}.Debug|x86.ActiveCfg = Debug|Any CPU
		{B71D0299-4B2A-4DD2-9917-915472093214}.Debug|x86.Build.0 = Debug|Any CPU
		{B71D0299-4B2A-4DD2-9917-915472093214}.Release|Any CPU.ActiveCfg = Release|Any CPU
		{B71D0299-4B2A-4DD2-9917-915472093214}.Release|Any CPU.Build.0 = Release|Any CPU
		{B71D0299-4B2A-4DD2-9917-915472093214}.Release|x64.ActiveCfg = Release|Any CPU
		{B71D0299-4B2A-4DD2-9917-915472093214}.Release|x64.Build.0 = Release|Any CPU
		{B71D0299-4B2A-4DD2-9917-915472093214}.Release|x86.ActiveCfg = Release|Any CPU
		{B71D0299-4B2A-4DD2-9917-915472093214}.Release|x86.Build.0 = Release|Any CPU
	EndGlobalSection
	GlobalSection(SolutionProperties) = preSolution
		HideSolutionNode = FALSE
	EndGlobalSection
EndGlobal
