{
  "name": "@yosina-lib/example-node",
  "version": "0.1.0",
  "lockfileVersion": 3,
  "requires": true,
  "packages": {
    "": {
      "name": "@yosina-lib/example-node",
      "version": "0.1.0",
      "license": "MIT",
      "dependencies": {
        "@yosina-lib/yosina": "file:../../../javascript"
      },
      "devDependencies": {
        "typescript": "5.8.3"
      }
    },
    "../../../javascript": {
      "name": "@yosina-lib/yosina",
      "version": "1.1.2",
      "license": "MIT",
      "devDependencies": {
        "@biomejs/biome": "2.1.1",
        "@rollup/plugin-terser": "^1.0.0",
        "@rollup/plugin-typescript": "12.1.4",
        "@types/jest": "30.0.0",
        "@types/node": "^22.16.3",
        "glob": "^11.1.0",
        "jest": "30.0.4",
        "rollup": "^4.59.0",
        "ts-jest": "29.4.0",
        "tslib": "2.8.1",
        "tsx": "4.20.3",
        "typedoc": "0.28.7",
        "typedoc-plugin-localization": "3.0.6",
        "typescript": "5.8.3",
        "zod": "4.0.5"
      }
    },
    "node_modules/@yosina-lib/yosina": {
      "resolved": "../../../javascript",
      "link": true
    },
    "node_modules/typescript": {
      "version": "5.8.3",
      "resolved": "https://registry.npmjs.org/typescript/-/typescript-5.8.3.tgz",
      "integrity": "sha512-p1diW6TqL9L07nNxvRMM7hMMw4c5XOo/1ibL4aAIGmSAt9slTE1Xgw5KWuof2uTOvCg9BY7ZRi+GaF+7sfgPeQ==",
      "dev": true,
      "bin": {
        "tsc": "bin/tsc",
        "tsserver": "bin/tsserver"
      },
      "engines": {
        "node": ">=14.17"
      }
    }
  }
}
